github.com/karrick/gobls v1.2.0 h1:vDuAY51E9vMx3Ch6GcCzHAxfmeF/1/4PUwhZSpKMptw=
github.com/karrick/gobls v1.2.0/go.mod h1:sWtrCXDDQ3cMhrJIb2XBu+Cm+MImIj6mdRTdR4/jywk=
github.com/karrick/golf v1.1.0 h1:pW5IaAZlmRaq2TVHp1ct0XouZw206+wSL+ifUF6fnp8=
github.com/karrick/golf v1.1.0/go.mod h1:qGN0IhcEL+IEgCXp00RvH32UP59vtwc8w5YcIdArNRk=
github.com/karrick/golinewrap v0.2.0 h1:gRPKxuQ5o4xwOj03mC0L1Yrk+8ZIHSSPEog1FJzjAxA=
github.com/karrick/golinewrap v0.2.0/go.mod h1:bM+TUBQzubzQBPBVWbAg8LCqimu8DvVSZRpBFyaBCJg=
github.com/karrick/golinewrap v0.3.0 h1:rMRPPr8WfCYEAp+oWHselkNhp6H5k2LQS6numOUgvDY=
github.com/karrick/golinewrap v0.3.0/go.mod h1:bM+TUBQzubzQBPBVWbAg8LCqimu8DvVSZRpBFyaBCJg=
github.com/karrick/gotb v0.1.0 h1:0D3riNjkaMdLIg8wx3FGTX/+UvVOioEsqXYdPP5kGew=
github.com/karrick/gotb v0.1.0/go.mod h1:DMVIRjKmV1HguS6JL5PGR3r8E8mVNcNq0G6P9TEdMeM=
github.com/karrick/gows v0.2.0 h1:A3QxTsreOYJFMjSsQVTRLVcP0A6GlN3Qm1QQGKXai4g=
github.com/karrick/gows v0.2.0/go.mod h1:RPJT0IZu1OFjLcNCCvsCSZhKipEPs674qUV3daa3MJA=
golang.org/x/sys v0.0.0-20180321135609-bb729a57828d h1:a8ZOYYftKRZ2vpMVp1ZuzHSJhErp2PuEsgL7IZlgg7o=
golang.org/x/sys v0.0.0-20180321135609-bb729a57828d/go.mod h1:STP8DvDyc/dI5b8T5hshtkjS+E42TnysNCUPdjciGhY=
golang.org/x/sys v0.0.0-20180928133829-e4b3c5e90611 h1:O33LKL7WyJgjN9CvxfTIomjIClbd/Kq86/iipowHQU0=
golang.org/x/sys v0.0.0-20180928133829-e4b3c5e90611/go.mod h1:STP8DvDyc/dI5b8T5hshtkjS+E42TnysNCUPdjciGhY=
